{
  "name": "01-npm-install",
  "version": "1.0.0",
  "lockfileVersion": 2,
  "requires": true,
  "packages": {
    "": {
      "name": "01-npm-install",
      "version": "1.0.0",
      "license": "ISC",
      "dependencies": {
        "lodash": "0.2.0",
        "vue": "^2.0.0"
      }
    },
    "node_modules/lodash": {
      "version": "0.2.0",
      "resolved": "https://registry.npmjs.org/lodash/-/lodash-0.2.0.tgz",
      "integrity": "sha1-76oW+0YUvc6aep/dpIcSXT+rOKI=",
      "engines": [
        "node",
        "rhino"
      ]
    },
    "node_modules/vue": {
      "version": "2.6.14",
      "resolved": "https://registry.npmjs.org/vue/-/vue-2.6.14.tgz",
      "integrity": "sha512-x2284lgYvjOMj3Za7kqzRcUSxBboHqtgRE2zlos1qWaOye5yUmHn42LB1250NJBLRwEcdrB0JRwyPTEPhfQjiQ=="
    }
  },
  "dependencies": {
    "lodash": {
      "version": "0.2.0",
      "resolved": "https://registry.npmjs.org/lodash/-/lodash-0.2.0.tgz",
      "integrity": "sha1-76oW+0YUvc6aep/dpIcSXT+rOKI="
    },
    "vue": {
      "version": "2.6.14",
      "resolved": "https://registry.npmjs.org/vue/-/vue-2.6.14.tgz",
      "integrity": "sha512-x2284lgYvjOMj3Za7kqzRcUSxBboHqtgRE2zlos1qWaOye5yUmHn42LB1250NJBLRwEcdrB0JRwyPTEPhfQjiQ=="
    }
  }
}
