{
	"name": "07-promise",
	"version": "1.0.0",
	"lockfileVersion": 2,
	"requires": true,
	"packages": {
		"": {
			"name": "07-promise",
			"version": "1.0.0",
			"license": "ISC",
			"dependencies": {
				"core-js-pure": "^3.22.6"
			}
		},
		"node_modules/core-js-pure": {
			"version": "3.22.6",
			"resolved": "https://registry.npmjs.org/core-js-pure/-/core-js-pure-3.22.6.tgz",
			"integrity": "sha512-u5yG2VL6NKXz9BZHr9RAm6eWD1DTNjG7jJnJgLGR+Im0whdPcPXqwqxd+dcUrZvpvPan5KMgn/3pI+Q/aGqPOA==",
			"hasInstallScript": true,
			"funding": {
				"type": "opencollective",
				"url": "https://opencollective.com/core-js"
			}
		}
	},
	"dependencies": {
		"core-js-pure": {
			"version": "3.22.6",
			"resolved": "https://registry.npmjs.org/core-js-pure/-/core-js-pure-3.22.6.tgz",
			"integrity": "sha512-u5yG2VL6NKXz9BZHr9RAm6eWD1DTNjG7jJnJgLGR+Im0whdPcPXqwqxd+dcUrZvpvPan5KMgn/3pI+Q/aGqPOA=="
		}
	}
}
